PODS:
  - FBSnapshotTestCase (2.1.4):
    - FBSnapshotTestCase/SwiftSupport (= 2.1.4)
  - FBSnapshotTestCase/Core (2.1.4)
  - FBSnapshotTestCase/SwiftSupport (2.1.4):
    - FBSnapshotTestCase/Core
  - HZCustomToolBar (0.1.0)

DEPENDENCIES:
  - FBSnapshotTestCase
  - HZCustomToolBar (from `../`)

EXTERNAL SOURCES:
  HZCustomToolBar:
    :path: "../"

SPEC CHECKSUMS:
  FBSnapshotTestCase: '094f9f314decbabe373b87cc339bea235a63e07a'
  HZCustomToolBar: e1d508b62fc0570c3c490f476de0739b6117876e

PODFILE CHECKSUM: cea516fdbae49864ac79d48a6efa989480c7fb7e

COCOAPODS: 1.2.1
